// !$*UTF8*$!
{
	archiveVersion = 1;
	classes = {
	};
	objectVersion = 46;
	objects = {

/* Begin PBXBuildFile section */
		3D5D6EBF1D93D5B00044B566 /* MainViewModel.swift in Sources */ = {isa = PBXBuildFile; fileRef = 3D5D6EBE1D93D5B00044B566 /* MainViewModel.swift */; };
		3DBBC7A11D93BFE2008447C7 /* AppDelegate.swift in Sources */ = {isa = PBXBuildFile; fileRef = 3DBBC7A01D93BFE2008447C7 /* AppDelegate.swift */; };
		3DBBC7A31D93BFE2008447C7 /* MainViewController.swift in Sources */ = {isa = PBXBuildFile; fileRef = 3DBBC7A21D93BFE2008447C7 /* MainViewController.swift */; };
		3DBBC7A61D93BFE2008447C7 /* Main.storyboard in Resources */ = {isa = PBXBuildFile; fileRef = 3DBBC7A41D93BFE2008447C7 /* Main.storyboard */; };
		3DBBC7A81D93BFE2008447C7 /* Assets.xcassets in Resources */ = {isa = PBXBuildFile; fileRef = 3DBBC7A71D93BFE2008447C7 /* Assets.xcassets */; };
		3DBBC7AB1D93BFE2008447C7 /* LaunchScreen.storyboard in Resources */ = {isa = PBXBuildFile; fileRef = 3DBBC7A91D93BFE2008447C7 /* LaunchScreen.storyboard */; };
		3DBBC7B61D93BFE2008447C7 /* RxClassroomTests.swift in Sources */ = {isa = PBXBuildFile; fileRef = 3DBBC7B51D93BFE2008447C7 /* RxClassroomTests.swift */; };
		3F417905E11FC05830BF1B6F /* Pods_RxClassroom.framework in Frameworks */ = {isa = PBXBuildFile; fileRef = 19A516FBA5B75F153C26AB7F /* Pods_RxClassroom.framework */; };
/* End PBXBuildFile section */

/* Begin PBXContainerItemProxy section */
		3DBBC7B21D93BFE2008447C7 /* PBXContainerItemProxy */ = {
			isa = PBXContainerItemProxy;
			containerPortal = 3DBBC7951D93BFE1008447C7 /* Project object */;
			proxyType = 1;
			remoteGlobalIDString = 3DBBC79C1D93BFE2008447C7;
			remoteInfo = RxClassroom;
		};
/* End PBXContainerItemProxy section */

/* Begin PBXFileReference section */
		19A516FBA5B75F153C26AB7F /* Pods_RxClassroom.framework */ = {isa = PBXFileReference; explicitFileType = wrapper.framework; includeInIndex = 0; path = Pods_RxClassroom.framework; sourceTree = BUILT_PRODUCTS_DIR; };
		25E135E42842B15C3E362DB2 /* Pods-RxClassroom.release.xcconfig */ = {isa = PBXFileReference; includeInIndex = 1; lastKnownFileType = text.xcconfig; name = "Pods-RxClassroom.release.xcconfig"; path = "Pods/Target Support Files/Pods-RxClassroom/Pods-RxClassroom.release.xcconfig"; sourceTree = "<group>"; };
		3D5D6EBE1D93D5B00044B566 /* MainViewModel.swift */ = {isa = PBXFileReference; fileEncoding = 4; lastKnownFileType = sourcecode.swift; path = MainViewModel.swift; sourceTree = "<group>"; };
		3DBBC79D1D93BFE2008447C7 /* RxClassroom.app */ = {isa = PBXFileReference; explicitFileType = wrapper.application; includeInIndex = 0; path = RxClassroom.app; sourceTree = BUILT_PRODUCTS_DIR; };
		3DBBC7A01D93BFE2008447C7 /* AppDelegate.swift */ = {isa = PBXFileReference; lastKnownFileType = sourcecode.swift; path = AppDelegate.swift; sourceTree = "<group>"; };
		3DBBC7A21D93BFE2008447C7 /* MainViewController.swift */ = {isa = PBXFileReference; lastKnownFileType = sourcecode.swift; path = MainViewController.swift; sourceTree = "<group>"; };
		3DBBC7A51D93BFE2008447C7 /* Base */ = {isa = PBXFileReference; lastKnownFileType = file.storyboard; name = Base; path = Base.lproj/Main.storyboard; sourceTree = "<group>"; };
		3DBBC7A71D93BFE2008447C7 /* Assets.xcassets */ = {isa = PBXFileReference; lastKnownFileType = folder.assetcatalog; path = Assets.xcassets; sourceTree = "<group>"; };
		3DBBC7AA1D93BFE2008447C7 /* Base */ = {isa = PBXFileReference; lastKnownFileType = file.storyboard; name = Base; path = Base.lproj/LaunchScreen.storyboard; sourceTree = "<group>"; };
		3DBBC7AC1D93BFE2008447C7 /* Info.plist */ = {isa = PBXFileReference; lastKnownFileType = text.plist.xml; path = Info.plist; sourceTree = "<group>"; };
		3DBBC7B11D93BFE2008447C7 /* RxClassroomTests.xctest */ = {isa = PBXFileReference; explicitFileType = wrapper.cfbundle; includeInIndex = 0; path = RxClassroomTests.xctest; sourceTree = BUILT_PRODUCTS_DIR; };
		3DBBC7B51D93BFE2008447C7 /* RxClassroomTests.swift */ = {isa = PBXFileReference; lastKnownFileType = sourcecode.swift; path = RxClassroomTests.swift; sourceTree = "<group>"; };
		3DBBC7B71D93BFE2008447C7 /* Info.plist */ = {isa = PBXFileReference; lastKnownFileType = text.plist.xml; path = Info.plist; sourceTree = "<group>"; };
		C25C51833277FB3B195CC6B6 /* Pods-RxClassroom.debug.xcconfig */ = {isa = PBXFileReference; includeInIndex = 1; lastKnownFileType = text.xcconfig; name = "Pods-RxClassroom.debug.xcconfig"; path = "Pods/Target Support Files/Pods-RxClassroom/Pods-RxClassroom.debug.xcconfig"; sourceTree = "<group>"; };
/* End PBXFileReference section */

/* Begin PBXFrameworksBuildPhase section */
		3DBBC79A1D93BFE2008447C7 /* Frameworks */ = {
			isa = PBXFrameworksBuildPhase;
			buildActionMask = 2147483647;
			files = (
				3F417905E11FC05830BF1B6F /* Pods_RxClassroom.framework in Frameworks */,
			);
			runOnlyForDeploymentPostprocessing = 0;
		};
		3DBBC7AE1D93BFE2008447C7 /* Frameworks */ = {
			isa = PBXFrameworksBuildPhase;
			buildActionMask = 2147483647;
			files = (
			);
			runOnlyForDeploymentPostprocessing = 0;
		};
/* End PBXFrameworksBuildPhase section */

/* Begin PBXGroup section */
		3DBBC7941D93BFE1008447C7 = {
			isa = PBXGroup;
			children = (
				3DBBC79F1D93BFE2008447C7 /* RxClassroom */,
				3DBBC7B41D93BFE2008447C7 /* RxClassroomTests */,
				3DBBC79E1D93BFE2008447C7 /* Products */,
				FD8838FCFC84AF8A0B4B1AA7 /* Pods */,
				D1B82DA81C128298035780B3 /* Frameworks */,
			);
			sourceTree = "<group>";
		};
		3DBBC79E1D93BFE2008447C7 /* Products */ = {
			isa = PBXGroup;
			children = (
				3DBBC79D1D93BFE2008447C7 /* RxClassroom.app */,
				3DBBC7B11D93BFE2008447C7 /* RxClassroomTests.xctest */,
			);
			name = Products;
			sourceTree = "<group>";
		};
		3DBBC79F1D93BFE2008447C7 /* RxClassroom */ = {
			isa = PBXGroup;
			children = (
				3DBBC7A01D93BFE2008447C7 /* AppDelegate.swift */,
				3DBBC7A21D93BFE2008447C7 /* MainViewController.swift */,
				3D5D6EBE1D93D5B00044B566 /* MainViewModel.swift */,
				3DBBC7A41D93BFE2008447C7 /* Main.storyboard */,
				3DBBC7A71D93BFE2008447C7 /* Assets.xcassets */,
				3DBBC7A91D93BFE2008447C7 /* LaunchScreen.storyboard */,
				3DBBC7AC1D93BFE2008447C7 /* Info.plist */,
			);
			path = RxClassroom;
			sourceTree = "<group>";
		};
		3DBBC7B41D93BFE2008447C7 /* RxClassroomTests */ = {
			isa = PBXGroup;
			children = (
				3DBBC7B51D93BFE2008447C7 /* RxClassroomTests.swift */,
				3DBBC7B71D93BFE2008447C7 /* Info.plist */,
			);
			path = RxClassroomTests;
			sourceTree = "<group>";
		};
		D1B82DA81C128298035780B3 /* Frameworks */ = {
			isa = PBXGroup;
			children = (
				19A516FBA5B75F153C26AB7F /* Pods_RxClassroom.framework */,
			);
			name = Frameworks;
			sourceTree = "<group>";
		};
		FD8838FCFC84AF8A0B4B1AA7 /* Pods */ = {
			isa = PBXGroup;
			children = (
				C25C51833277FB3B195CC6B6 /* Pods-RxClassroom.debug.xcconfig */,
				25E135E42842B15C3E362DB2 /* Pods-RxClassroom.release.xcconfig */,
			);
			name = Pods;
			sourceTree = "<group>";
		};
/* End PBXGroup section */

/* Begin PBXNativeTarget section */
		3DBBC79C1D93BFE2008447C7 /* RxClassroom */ = {
			isa = PBXNativeTarget;
			buildConfigurationList = 3DBBC7BA1D93BFE2008447C7 /* Build configuration list for PBXNativeTarget "RxClassroom" */;
			buildPhases = (
				61C531F924EEA5E3490C414A /* [CP] Check Pods Manifest.lock */,
				3DBBC7991D93BFE2008447C7 /* Sources */,
				3DBBC79A1D93BFE2008447C7 /* Frameworks */,
				3DBBC79B1D93BFE2008447C7 /* Resources */,
				11924EEED73833FE894A3E8D /* [CP] Embed Pods Frameworks */,
				D33926B7846AE28F210C16A8 /* [CP] Copy Pods Resources */,
			);
			buildRules = (
			);
			dependencies = (
			);
			name = RxClassroom;
			productName = RxClassroom;
			productReference = 3DBBC79D1D93BFE2008447C7 /* RxClassroom.app */;
			productType = "com.apple.product-type.application";
		};
		3DBBC7B01D93BFE2008447C7 /* RxClassroomTests */ = {
			isa = PBXNativeTarget;
			buildConfigurationList = 3DBBC7BD1D93BFE2008447C7 /* Build configuration list for PBXNativeTarget "RxClassroomTests" */;
			buildPhases = (
				3DBBC7AD1D93BFE2008447C7 /* Sources */,
				3DBBC7AE1D93BFE2008447C7 /* Frameworks */,
				3DBBC7AF1D93BFE2008447C7 /* Resources */,
			);
			buildRules = (
			);
			dependencies = (
				3DBBC7B31D93BFE2008447C7 /* PBXTargetDependency */,
			);
			name = RxClassroomTests;
			productName = RxClassroomTests;
			productReference = 3DBBC7B11D93BFE2008447C7 /* RxClassroomTests.xctest */;
			productType = "com.apple.product-type.bundle.unit-test";
		};
/* End PBXNativeTarget section */

/* Begin PBXProject section */
		3DBBC7951D93BFE1008447C7 /* Project object */ = {
			isa = PBXProject;
			attributes = {
				LastSwiftUpdateCheck = 0800;
				LastUpgradeCheck = 0800;
				ORGANIZATIONNAME = "Florent Pillet";
				TargetAttributes = {
					3DBBC79C1D93BFE2008447C7 = {
						CreatedOnToolsVersion = 8.0;
						DevelopmentTeam = ETK7NXHU9M;
						DevelopmentTeamName = "Florent Pillet (Personal Team)";
						ProvisioningStyle = Automatic;
					};
					3DBBC7B01D93BFE2008447C7 = {
						CreatedOnToolsVersion = 8.0;
						DevelopmentTeam = ETK7NXHU9M;
						DevelopmentTeamName = "Florent Pillet (Personal Team)";
						ProvisioningStyle = Automatic;
						TestTargetID = 3DBBC79C1D93BFE2008447C7;
					};
				};
			};
			buildConfigurationList = 3DBBC7981D93BFE1008447C7 /* Build configuration list for PBXProject "RxClassroom" */;
			compatibilityVersion = "Xcode 3.2";
			developmentRegion = English;
			hasScannedForEncodings = 0;
			knownRegions = (
				en,
				Base,
			);
			mainGroup = 3DBBC7941D93BFE1008447C7;
			productRefGroup = 3DBBC79E1D93BFE2008447C7 /* Products */;
			projectDirPath = "";
			projectRoot = "";
			targets = (
				3DBBC79C1D93BFE2008447C7 /* RxClassroom */,
				3DBBC7B01D93BFE2008447C7 /* RxClassroomTests */,
			);
		};
/* End PBXProject section */

/* Begin PBXResourcesBuildPhase section */
		3DBBC79B1D93BFE2008447C7 /* Resources */ = {
			isa = PBXResourcesBuildPhase;
			buildActionMask = 2147483647;
			files = (
				3DBBC7AB1D93BFE2008447C7 /* LaunchScreen.storyboard in Resources */,
				3DBBC7A81D93BFE2008447C7 /* Assets.xcassets in Resources */,
				3DBBC7A61D93BFE2008447C7 /* Main.storyboard in Resources */,
			);
			runOnlyForDeploymentPostprocessing = 0;
		};
		3DBBC7AF1D93BFE2008447C7 /* Resources */ = {
			isa = PBXResourcesBuildPhase;
			buildActionMask = 2147483647;
			files = (
			);
			runOnlyForDeploymentPostprocessing = 0;
		};
/* End PBXResourcesBuildPhase section */

/* Begin PBXShellScriptBuildPhase section */
		11924EEED73833FE894A3E8D /* [CP] Embed Pods Frameworks */ = {
			isa = PBXShellScriptBuildPhase;
			buildActionMask = 2147483647;
			files = (
			);
			inputPaths = (
			);
			name = "[CP] Embed Pods Frameworks";
			outputPaths = (
			);
			runOnlyForDeploymentPostprocessing = 0;
			shellPath = /bin/sh;
			shellScript = "\"${SRCROOT}/Pods/Target Support Files/Pods-RxClassroom/Pods-RxClassroom-frameworks.sh\"\n";
			showEnvVarsInLog = 0;
		};
		61C531F924EEA5E3490C414A /* [CP] Check Pods Manifest.lock */ = {
			isa = PBXShellScriptBuildPhase;
			buildActionMask = 2147483647;
			files = (
			);
			inputPaths = (
			);
			name = "[CP] Check Pods Manifest.lock";
			outputPaths = (
			);
			runOnlyForDeploymentPostprocessing = 0;
			shellPath = /bin/sh;
			shellScript = "diff \"${PODS_ROOT}/../Podfile.lock\" \"${PODS_ROOT}/Manifest.lock\" > /dev/null\nif [[ $? != 0 ]] ; then\n    cat << EOM\nerror: The sandbox is not in sync with the Podfile.lock. Run 'pod install' or update your CocoaPods installation.\nEOM\n    exit 1\nfi\n";
			showEnvVarsInLog = 0;
		};
		D33926B7846AE28F210C16A8 /* [CP] Copy Pods Resources */ = {
			isa = PBXShellScriptBuildPhase;
			buildActionMask = 2147483647;
			files = (
			);
			inputPaths = (
			);
			name = "[CP] Copy Pods Resources";
			outputPaths = (
			);
			runOnlyForDeploymentPostprocessing = 0;
			shellPath = /bin/sh;
			shellScript = "\"${SRCROOT}/Pods/Target Support Files/Pods-RxClassroom/Pods-RxClassroom-resources.sh\"\n";
			showEnvVarsInLog = 0;
		};
/* End PBXShellScriptBuildPhase section */

/* Begin PBXSourcesBuildPhase section */
		3DBBC7991D93BFE2008447C7 /* Sources */ = {
			isa = PBXSourcesBuildPhase;
			buildActionMask = 2147483647;
			files = (
				3DBBC7A31D93BFE2008447C7 /* MainViewController.swift in Sources */,
				3DBBC7A11D93BFE2008447C7 /* AppDelegate.swift in Sources */,
				3D5D6EBF1D93D5B00044B566 /* MainViewModel.swift in Sources */,
			);
			runOnlyForDeploymentPostprocessing = 0;
		};
		3DBBC7AD1D93BFE2008447C7 /* Sources */ = {
			isa = PBXSourcesBuildPhase;
			buildActionMask = 2147483647;
			files = (
				3DBBC7B61D93BFE2008447C7 /* RxClassroomTests.swift in Sources */,
			);
			runOnlyForDeploymentPostprocessing = 0;
		};
/* End PBXSourcesBuildPhase section */

/* Begin PBXTargetDependency section */
		3DBBC7B31D93BFE2008447C7 /* PBXTargetDependency */ = {
			isa = PBXTargetDependency;
			target = 3DBBC79C1D93BFE2008447C7 /* RxClassroom */;
			targetProxy = 3DBBC7B21D93BFE2008447C7 /* PBXContainerItemProxy */;
		};
/* End PBXTargetDependency section */

/* Begin PBXVariantGroup section */
		3DBBC7A41D93BFE2008447C7 /* Main.storyboard */ = {
			isa = PBXVariantGroup;
			children = (
				3DBBC7A51D93BFE2008447C7 /* Base */,
			);
			name = Main.storyboard;
			sourceTree = "<group>";
		};
		3DBBC7A91D93BFE2008447C7 /* LaunchScreen.storyboard */ = {
			isa = PBXVariantGroup;
			children = (
				3DBBC7AA1D93BFE2008447C7 /* Base */,
			);
			name = LaunchScreen.storyboard;
			sourceTree = "<group>";
		};
/* End PBXVariantGroup section */

/* Begin XCBuildConfiguration section */
		3DBBC7B81D93BFE2008447C7 /* Debug */ = {
			isa = XCBuildConfiguration;
			buildSettings = {
				ALWAYS_SEARCH_USER_PATHS = NO;
				CLANG_ANALYZER_NONNULL = YES;
				CLANG_CXX_LANGUAGE_STANDARD = "gnu++0x";
				CLANG_CXX_LIBRARY = "libc++";
				CLANG_ENABLE_MODULES = YES;
				CLANG_ENABLE_OBJC_ARC = YES;
				CLANG_WARN_BOOL_CONVERSION = YES;
				CLANG_WARN_CONSTANT_CONVERSION = YES;
				CLANG_WARN_DIRECT_OBJC_ISA_USAGE = YES_ERROR;
				CLANG_WARN_DOCUMENTATION_COMMENTS = YES;
				CLANG_WARN_EMPTY_BODY = YES;
				CLANG_WARN_ENUM_CONVERSION = YES;
				CLANG_WARN_INFINITE_RECURSION = YES;
				CLANG_WARN_INT_CONVERSION = YES;
				CLANG_WARN_OBJC_ROOT_CLASS = YES_ERROR;
				CLANG_WARN_SUSPICIOUS_MOVE = YES;
				CLANG_WARN_UNREACHABLE_CODE = YES;
				CLANG_WARN__DUPLICATE_METHOD_MATCH = YES;
				"CODE_SIGN_IDENTITY[sdk=iphoneos*]" = "iPhone Developer";
				COPY_PHASE_STRIP = NO;
				DEBUG_INFORMATION_FORMAT = dwarf;
				ENABLE_STRICT_OBJC_MSGSEND = YES;
				ENABLE_TESTABILITY = YES;
				GCC_C_LANGUAGE_STANDARD = gnu99;
				GCC_DYNAMIC_NO_PIC = NO;
				GCC_NO_COMMON_BLOCKS = YES;
				GCC_OPTIMIZATION_LEVEL = 0;
				GCC_PREPROCESSOR_DEFINITIONS = (
					"DEBUG=1",
					"$(inherited)",
				);
				GCC_WARN_64_TO_32_BIT_CONVERSION = YES;
				GCC_WARN_ABOUT_RETURN_TYPE = YES_ERROR;
				GCC_WARN_UNDECLARED_SELECTOR = YES;
				GCC_WARN_UNINITIALIZED_AUTOS = YES_AGGRESSIVE;
				GCC_WARN_UNUSED_FUNCTION = YES;
				GCC_WARN_UNUSED_VARIABLE = YES;
				IPHONEOS_DEPLOYMENT_TARGET = 10.0;
				MTL_ENABLE_DEBUG_INFO = YES;
				ONLY_ACTIVE_ARCH = YES;
				SDKROOT = iphoneos;
				SWIFT_ACTIVE_COMPILATION_CONDITIONS = DEBUG;
				SWIFT_OPTIMIZATION_LEVEL = "-Onone";
				TARGETED_DEVICE_FAMILY = "1,2";
			};
			name = Debug;
		};
		3DBBC7B91D93BFE2008447C7 /* Release */ = {
			isa = XCBuildConfiguration;
			buildSettings = {
				ALWAYS_SEARCH_USER_PATHS = NO;
				CLANG_ANALYZER_NONNULL = YES;
				CLANG_CXX_LANGUAGE_STANDARD = "gnu++0x";
				CLANG_CXX_LIBRARY = "libc++";
				CLANG_ENABLE_MODULES = YES;
				CLANG_ENABLE_OBJC_ARC = YES;
				CLANG_WARN_BOOL_CONVERSION = YES;
				CLANG_WARN_CONSTANT_CONVERSION = YES;
				CLANG_WARN_DIRECT_OBJC_ISA_USAGE = YES_ERROR;
				CLANG_WARN_DOCUMENTATION_COMMENTS = YES;
				CLANG_WARN_EMPTY_BODY = YES;
				CLANG_WARN_ENUM_CONVERSION = YES;
				CLANG_WARN_INFINITE_RECURSION = YES;
				CLANG_WARN_INT_CONVERSION = YES;
				CLANG_WARN_OBJC_ROOT_CLASS = YES_ERROR;
				CLANG_WARN_SUSPICIOUS_MOVE = YES;
				CLANG_WARN_UNREACHABLE_CODE = YES;
				CLANG_WARN__DUPLICATE_METHOD_MATCH = YES;
				"CODE_SIGN_IDENTITY[sdk=iphoneos*]" = "iPhone Developer";
				COPY_PHASE_STRIP = NO;
				DEBUG_INFORMATION_FORMAT = "dwarf-with-dsym";
				ENABLE_NS_ASSERTIONS = NO;
				ENABLE_STRICT_OBJC_MSGSEND = YES;
				GCC_C_LANGUAGE_STANDARD = gnu99;
				GCC_NO_COMMON_BLOCKS = YES;
				GCC_WARN_64_TO_32_BIT_CONVERSION = YES;
				GCC_WARN_ABOUT_RETURN_TYPE = YES_ERROR;
				GCC_WARN_UNDECLARED_SELECTOR = YES;
				GCC_WARN_UNINITIALIZED_AUTOS = YES_AGGRESSIVE;
				GCC_WARN_UNUSED_FUNCTION = YES;
				GCC_WARN_UNUSED_VARIABLE = YES;
				IPHONEOS_DEPLOYMENT_TARGET = 10.0;
				MTL_ENABLE_DEBUG_INFO = NO;
				SDKROOT = iphoneos;
				SWIFT_OPTIMIZATION_LEVEL = "-Owholemodule";
				TARGETED_DEVICE_FAMILY = "1,2";
				VALIDATE_PRODUCT = YES;
			};
			name = Release;
		};
		3DBBC7BB1D93BFE2008447C7 /* Debug */ = {
			isa = XCBuildConfiguration;
			baseConfigurationReference = C25C51833277FB3B195CC6B6 /* Pods-RxClassroom.debug.xcconfig */;
			buildSettings = {
				ALWAYS_EMBED_SWIFT_STANDARD_LIBRARIES = YES;
				ASSETCATALOG_COMPILER_APPICON_NAME = AppIcon;
				INFOPLIST_FILE = RxClassroom/Info.plist;
				LD_RUNPATH_SEARCH_PATHS = "$(inherited) @executable_path/Frameworks";
				PRODUCT_BUNDLE_IDENTIFIER = com.github.fpillet.RxClassroom;
				PRODUCT_NAME = "$(TARGET_NAME)";
				SWIFT_VERSION = 2.3;
			};
			name = Debug;
		};
		3DBBC7BC1D93BFE2008447C7 /* Release */ = {
			isa = XCBuildConfiguration;
			baseConfigurationReference = 25E135E42842B15C3E362DB2 /* Pods-RxClassroom.release.xcconfig */;
			buildSettings = {
				ALWAYS_EMBED_SWIFT_STANDARD_LIBRARIES = YES;
				ASSETCATALOG_COMPILER_APPICON_NAME = AppIcon;
				INFOPLIST_FILE = RxClassroom/Info.plist;
				LD_RUNPATH_SEARCH_PATHS = "$(inherited) @executable_path/Frameworks";
				PRODUCT_BUNDLE_IDENTIFIER = com.github.fpillet.RxClassroom;
				PRODUCT_NAME = "$(TARGET_NAME)";
				SWIFT_VERSION = 2.3;
			};
			name = Release;
		};
		3DBBC7BE1D93BFE2008447C7 /* Debug */ = {
			isa = XCBuildConfiguration;
			buildSettings = {
				BUNDLE_LOADER = "$(TEST_HOST)";
				INFOPLIST_FILE = RxClassroomTests/Info.plist;
				LD_RUNPATH_SEARCH_PATHS = "$(inherited) @executable_path/Frameworks @loader_path/Frameworks";
				PRODUCT_BUNDLE_IDENTIFIER = com.github.fpillet.RxClassroomTests;
				PRODUCT_NAME = "$(TARGET_NAME)";
				SWIFT_VERSION = 3.0;
				TEST_HOST = "$(BUILT_PRODUCTS_DIR)/RxClassroom.app/RxClassroom";
			};
			name = Debug;
		};
		3DBBC7BF1D93BFE2008447C7 /* Release */ = {
			isa = XCBuildConfiguration;
			buildSettings = {
				BUNDLE_LOADER = "$(TEST_HOST)";
				INFOPLIST_FILE = RxClassroomTests/Info.plist;
				LD_RUNPATH_SEARCH_PATHS = "$(inherited) @executable_path/Frameworks @loader_path/Frameworks";
				PRODUCT_BUNDLE_IDENTIFIER = com.github.fpillet.RxClassroomTests;
				PRODUCT_NAME = "$(TARGET_NAME)";
				SWIFT_VERSION = 3.0;
				TEST_HOST = "$(BUILT_PRODUCTS_DIR)/RxClassroom.app/RxClassroom";
			};
			name = Release;
		};
/* End XCBuildConfiguration section */

/* Begin XCConfigurationList section */
		3DBBC7981D93BFE1008447C7 /* Build configuration list for PBXProject "RxClassroom" */ = {
			isa = XCConfigurationList;
			buildConfigurations = (
				3DBBC7B81D93BFE2008447C7 /* Debug */,
				3DBBC7B91D93BFE2008447C7 /* Release */,
			);
			defaultConfigurationIsVisible = 0;
			defaultConfigurationName = Release;
		};
		3DBBC7BA1D93BFE2008447C7 /* Build configuration list for PBXNativeTarget "RxClassroom" */ = {
			isa = XCConfigurationList;
			buildConfigurations = (
				3DBBC7BB1D93BFE2008447C7 /* Debug */,
				3DBBC7BC1D93BFE2008447C7 /* Release */,
			);
			defaultConfigurationIsVisible = 0;
			defaultConfigurationName = Release;
		};
		3DBBC7BD1D93BFE2008447C7 /* Build configuration list for PBXNativeTarget "RxClassroomTests" */ = {
			isa = XCConfigurationList;
			buildConfigurations = (
				3DBBC7BE1D93BFE2008447C7 /* Debug */,
				3DBBC7BF1D93BFE2008447C7 /* Release */,
			);
			defaultConfigurationIsVisible = 0;
			defaultConfigurationName = Release;
		};
/* End XCConfigurationList section */
	};
	rootObject = 3DBBC7951D93BFE1008447C7 /* Project object */;
}
